{
  "lockfile_version": "1",
  "packages": {
    "gcc@latest": {
      "last_modified": "2025-07-28T17:09:23Z",
      "resolved": "github:NixOS/nixpkgs/648f70160c03151bc2121d179291337ad6bc564b#gcc15",
      "source": "devbox-search",
      "version": "15.1.0",
      "systems": {
        "aarch64-darwin": {
          "outputs": [
            {
              "name": "out",
              "path": "/nix/store/bbdc71n8jyf2m2v5v0sgkqrsq6czz7zb-gcc-wrapper-15.1.0",
              "default": true
            },
            {
              "name": "man",
              "path": "/nix/store/9wf8dlqw3akm4q3axf5s5n59ng9mkfc7-gcc-wrapper-15.1.0-man",
              "default": true
            },
            {
              "name": "info",
              "path": "/nix/store/zqfyk428j0naqyph4qb3kp33b0yq75bj-gcc-wrapper-15.1.0-info"
            }
          ],
          "store_path": "/nix/store/bbdc71n8jyf2m2v5v0sgkqrsq6czz7zb-gcc-wrapper-15.1.0"
        },
        "aarch64-linux": {
          "outputs": [
            {
              "name": "out",
              "path": "/nix/store/6i8w766ss996q66b41b3igmr3kcqklxn-gcc-wrapper-15.1.0",
              "default": true
            },
            {
              "name": "man",
              "path": "/nix/store/agx0zfxhwspf783mzqs8hkk11ivcv9p5-gcc-wrapper-15.1.0-man",
              "default": true
            },
            {
              "name": "info",
              "path": "/nix/store/x29k9656k71r2kj9a16bffc4j03sacwv-gcc-wrapper-15.1.0-info"
            }
          ],
          "store_path": "/nix/store/6i8w766ss996q66b41b3igmr3kcqklxn-gcc-wrapper-15.1.0"
        },
        "x86_64-darwin": {
          "outputs": [
            {
              "name": "out",
              "path": "/nix/store/anzgvch883j7id6gxynhsic1qvm7rm1c-gcc-wrapper-15.1.0",
              "default": true
            },
            {
              "name": "man",
              "path": "/nix/store/r7a8ik7vg79xy64jssa97g345qwg5nmj-gcc-wrapper-15.1.0-man",
              "default": true
            },
            {
              "name": "info",
              "path": "/nix/store/r3qfgnzd327ji3z85xagwrnkf911fy8g-gcc-wrapper-15.1.0-info"
            }
          ],
          "store_path": "/nix/store/anzgvch883j7id6gxynhsic1qvm7rm1c-gcc-wrapper-15.1.0"
        },
        "x86_64-linux": {
          "outputs": [
            {
              "name": "out",
              "path": "/nix/store/1d75h3iiq3mj4liis8cm1cbrldc9hwav-gcc-wrapper-15.1.0",
              "default": true
            },
            {
              "name": "man",
              "path": "/nix/store/3zp966sg0136ik4170lvh0rqpygdq384-gcc-wrapper-15.1.0-man",
              "default": true
            },
            {
              "name": "info",
              "path": "/nix/store/dvgwfg6kix4k6f8r6avfj65d42ii37c8-gcc-wrapper-15.1.0-info"
            }
          ],
          "store_path": "/nix/store/1d75h3iiq3mj4liis8cm1cbrldc9hwav-gcc-wrapper-15.1.0"
        }
      }
    },
    "github:NixOS/nixpkgs/nixpkgs-unstable": {
      "last_modified": "2025-08-29T03:42:44Z",
      "resolved": "github:NixOS/nixpkgs/c73522789a3c7552b1122773d6eaa34e1491cc1c?lastModified=1756438964&narHash=sha256-yo473URkISSmBZeIE1o6Mf94VRSn5qFVFS9phb7l6eg%3D"
    },
    "go@latest": {
      "last_modified": "2025-07-28T17:09:23Z",
      "resolved": "github:NixOS/nixpkgs/648f70160c03151bc2121d179291337ad6bc564b#go",
      "source": "devbox-search",
      "version": "1.24.5",
      "systems": {
        "aarch64-darwin": {
          "outputs": [
            {
              "name": "out",
              "path": "/nix/store/kw1vd98s15vj700m3gx2x2xca2z477i3-go-1.24.5",
              "default": true
            }
          ],
          "store_path": "/nix/store/kw1vd98s15vj700m3gx2x2xca2z477i3-go-1.24.5"
        },
        "aarch64-linux": {
          "outputs": [
            {
              "name": "out",
              "path": "/nix/store/5bzlaj0c4mqw9p0zrcx5g9vz16vd45dl-go-1.24.5",
              "default": true
            }
          ],
          "store_path": "/nix/store/5bzlaj0c4mqw9p0zrcx5g9vz16vd45dl-go-1.24.5"
        },
        "x86_64-darwin": {
          "outputs": [
            {
              "name": "out",
              "path": "/nix/store/b72n20ixzl5ja9vciwahkr30bhmsn5jc-go-1.24.5",
              "default": true
            }
          ],
          "store_path": "/nix/store/b72n20ixzl5ja9vciwahkr30bhmsn5jc-go-1.24.5"
        },
        "x86_64-linux": {
          "outputs": [
            {
              "name": "out",
              "path": "/nix/store/y4awwzp30ka130wmjrpaqjmjdf9p010w-go-1.24.5",
              "default": true
            }
          ],
          "store_path": "/nix/store/y4awwzp30ka130wmjrpaqjmjdf9p010w-go-1.24.5"
        }
      }
    },
    "httpie@latest": {
      "last_modified": "2025-07-28T17:09:23Z",
      "resolved": "github:NixOS/nixpkgs/648f70160c03151bc2121d179291337ad6bc564b#httpie",
      "source": "devbox-search",
      "version": "3.2.4",
      "systems": {
        "aarch64-darwin": {
          "outputs": [
            {
              "name": "out",
              "path": "/nix/store/xr231p4q6sib62ya06dmal5mqkx3mw71-python3.13-httpie-3.2.4",
              "default": true
            },
            {
              "name": "dist",
              "path": "/nix/store/35fl1gb4kb5952vnz61rg73dkq380442-python3.13-httpie-3.2.4-dist"
            }
          ],
          "store_path": "/nix/store/xr231p4q6sib62ya06dmal5mqkx3mw71-python3.13-httpie-3.2.4"
        },
        "aarch64-linux": {
          "outputs": [
            {
              "name": "out",
              "path": "/nix/store/cgw4gimr0im69ffsdyqryssq5zr86npa-python3.13-httpie-3.2.4",
              "default": true
            },
            {
              "name": "dist",
              "path": "/nix/store/f49v94sdzwwm6ibhggkrpxvi3yg0ari9-python3.13-httpie-3.2.4-dist"
            }
          ],
          "store_path": "/nix/store/cgw4gimr0im69ffsdyqryssq5zr86npa-python3.13-httpie-3.2.4"
        },
        "x86_64-darwin": {
          "outputs": [
            {
              "name": "out",
              "path": "/nix/store/ymzvbkq13cf45sdzfsvdnx1rm0d9d8hx-python3.13-httpie-3.2.4",
              "default": true
            },
            {
              "name": "dist",
              "path": "/nix/store/lgi3zh376dbr2iawhhd8hw958cdsmpbw-python3.13-httpie-3.2.4-dist"
            }
          ],
          "store_path": "/nix/store/ymzvbkq13cf45sdzfsvdnx1rm0d9d8hx-python3.13-httpie-3.2.4"
        },
        "x86_64-linux": {
          "outputs": [
            {
              "name": "out",
              "path": "/nix/store/5cc08zz45zfrl0ka58abjcp8hwhib7zp-python3.13-httpie-3.2.4",
              "default": true
            },
            {
              "name": "dist",
              "path": "/nix/store/0rz883gyx30ggxkh51dsqw0px0dxmj30-python3.13-httpie-3.2.4-dist"
            }
          ],
          "store_path": "/nix/store/5cc08zz45zfrl0ka58abjcp8hwhib7zp-python3.13-httpie-3.2.4"
        }
      }
    },
    "ko@latest": {
      "last_modified": "2025-07-28T17:09:23Z",
      "resolved": "github:NixOS/nixpkgs/648f70160c03151bc2121d179291337ad6bc564b#ko",
      "source": "devbox-search",
      "version": "0.18.0",
      "systems": {
        "aarch64-darwin": {
          "outputs": [
            {
              "name": "out",
              "path": "/nix/store/yn0y15brpcwqdif2qj8yn0x40nqf9mns-ko-0.18.0",
              "default": true
            }
          ],
          "store_path": "/nix/store/yn0y15brpcwqdif2qj8yn0x40nqf9mns-ko-0.18.0"
        },
        "aarch64-linux": {
          "outputs": [
            {
              "name": "out",
              "path": "/nix/store/y2axxnmkr8rlkbiz45yq5a5ajz4cni12-ko-0.18.0",
              "default": true
            }
          ],
          "store_path": "/nix/store/y2axxnmkr8rlkbiz45yq5a5ajz4cni12-ko-0.18.0"
        },
        "x86_64-darwin": {
          "outputs": [
            {
              "name": "out",
              "path": "/nix/store/1piw3apnqsd90nhjisjjrcx7a1v6p7a9-ko-0.18.0",
              "default": true
            }
          ],
          "store_path": "/nix/store/1piw3apnqsd90nhjisjjrcx7a1v6p7a9-ko-0.18.0"
        },
        "x86_64-linux": {
          "outputs": [
            {
              "name": "out",
              "path": "/nix/store/z6g8wh4gqhgd1dxx0h968n02xvf1hx4y-ko-0.18.0",
              "default": true
            }
          ],
          "store_path": "/nix/store/z6g8wh4gqhgd1dxx0h968n02xvf1hx4y-ko-0.18.0"
        }
      }
    },
    "kubectl@latest": {
      "last_modified": "2025-07-28T17:09:23Z",
      "resolved": "github:NixOS/nixpkgs/648f70160c03151bc2121d179291337ad6bc564b#kubectl",
      "source": "devbox-search",
      "version": "1.33.3",
      "systems": {
        "aarch64-darwin": {
          "outputs": [
            {
              "name": "out",
              "path": "/nix/store/k5hj0mxpv84w7xzx2z4wc06r4hg1ccwj-kubectl-1.33.3",
              "default": true
            },
            {
              "name": "man",
              "path": "/nix/store/2mckzmqkc5y3bh66sx2ij6sy2l1yy5s3-kubectl-1.33.3-man",
              "default": true
            },
            {
              "name": "convert",
              "path": "/nix/store/x225vv21kfp2pgi3hxac4cpz60qlh6nv-kubectl-1.33.3-convert"
            }
          ],
          "store_path": "/nix/store/k5hj0mxpv84w7xzx2z4wc06r4hg1ccwj-kubectl-1.33.3"
        },
        "aarch64-linux": {
          "outputs": [
            {
              "name": "out",
              "path": "/nix/store/cclissn11ab1rw49qybz8q31631n3m9x-kubectl-1.33.3",
              "default": true
            },
            {
              "name": "man",
              "path": "/nix/store/5npib1jfzm5mnv2ri6lv3z1l2pxhp8lr-kubectl-1.33.3-man",
              "default": true
            },
            {
              "name": "convert",
              "path": "/nix/store/1ahkazwv31h3irkxpzazg20kpn3kngbz-kubectl-1.33.3-convert"
            }
          ],
          "store_path": "/nix/store/cclissn11ab1rw49qybz8q31631n3m9x-kubectl-1.33.3"
        },
        "x86_64-darwin": {
          "outputs": [
            {
              "name": "out",
              "path": "/nix/store/qhvbci1vbd66884yza8d8sr3xn08v5ar-kubectl-1.33.3",
              "default": true
            },
            {
              "name": "man",
              "path": "/nix/store/9r8lxjhv229w8c2gf0kbwsfjl9jcv6y2-kubectl-1.33.3-man",
              "default": true
            },
            {
              "name": "convert",
              "path": "/nix/store/x74dqs19xz986l140bjn15awxf62dkys-kubectl-1.33.3-convert"
            }
          ],
          "store_path": "/nix/store/qhvbci1vbd66884yza8d8sr3xn08v5ar-kubectl-1.33.3"
        },
        "x86_64-linux": {
          "outputs": [
            {
              "name": "out",
              "path": "/nix/store/vpx0zzs0hazp7k9byys204jl805ksa2y-kubectl-1.33.3",
              "default": true
            },
            {
              "name": "man",
              "path": "/nix/store/w38d510ixf5ijs8z4j6c2yiinqk8ddx8-kubectl-1.33.3-man",
              "default": true
            },
            {
              "name": "convert",
              "path": "/nix/store/sj77h1x39z09mmq6rv1cjmpj6gg9gylf-kubectl-1.33.3-convert"
            }
          ],
          "store_path": "/nix/store/vpx0zzs0hazp7k9byys204jl805ksa2y-kubectl-1.33.3"
        }
      }
    },
    "skaffold@latest": {
      "last_modified": "2025-07-28T17:09:23Z",
      "resolved": "github:NixOS/nixpkgs/648f70160c03151bc2121d179291337ad6bc564b#skaffold",
      "source": "devbox-search",
      "version": "2.16.1",
      "systems": {
        "aarch64-darwin": {
          "outputs": [
            {
              "name": "out",
              "path": "/nix/store/16ww9428ssijcgm0sywny0i4344qy1d4-skaffold-2.16.1",
              "default": true
            }
          ],
          "store_path": "/nix/store/16ww9428ssijcgm0sywny0i4344qy1d4-skaffold-2.16.1"
        },
        "aarch64-linux": {
          "outputs": [
            {
              "name": "out",
              "path": "/nix/store/4qcgcp9inqavzmfxlc2isfrc6kp2k3b2-skaffold-2.16.1",
              "default": true
            }
          ],
          "store_path": "/nix/store/4qcgcp9inqavzmfxlc2isfrc6kp2k3b2-skaffold-2.16.1"
        },
        "x86_64-darwin": {
          "outputs": [
            {
              "name": "out",
              "path": "/nix/store/gwc3gmq23g4zfc6db8i7w0c8m1827hqh-skaffold-2.16.1",
              "default": true
            }
          ],
          "store_path": "/nix/store/gwc3gmq23g4zfc6db8i7w0c8m1827hqh-skaffold-2.16.1"
        },
        "x86_64-linux": {
          "outputs": [
            {
              "name": "out",
              "path": "/nix/store/4mf2w7hmq8yj9ifagzn7sp15brvqc2cc-skaffold-2.16.1",
              "default": true
            }
          ],
          "store_path": "/nix/store/4mf2w7hmq8yj9ifagzn7sp15brvqc2cc-skaffold-2.16.1"
        }
      }
    }
  }
}
